{
  "name": "ucsd-cse110-planner-journal",
  "lockfileVersion": 3,
  "requires": true,
  "packages": {
    "": {
      "dependencies": {
        "@uiw/react-color": "^2.3.2"
      }
    },
    "node_modules/@babel/runtime": {
      "version": "7.26.0",
      "resolved": "https://registry.npmjs.org/@babel/runtime/-/runtime-7.26.0.tgz",
      "integrity": "sha512-FDSOghenHTiToteC/QRlv2q3DhPZ/oOXTBoirfWNx1Cx3TMVcGWQtMMmQcSvb/JjpNeGzx8Pq/b4fKEJuWm1sw==",
      "license": "MIT",
      "peer": true,
      "dependencies": {
        "regenerator-runtime": "^0.14.0"
      },
      "engines": {
        "node": ">=6.9.0"
      }
    },
    "node_modules/@uiw/color-convert": {
      "version": "2.3.2",
      "resolved": "https://registry.npmjs.org/@uiw/color-convert/-/color-convert-2.3.2.tgz",
      "integrity": "sha512-Txs0oAcOGhvM15yi7NqDJSws6htpuGx75EblFlZmh4h4AyUYXaeN2HNcOAUt835M3SN1j7rqMC+XERIE4r776Q==",
      "license": "MIT",
      "funding": {
        "url": "https://jaywcjlove.github.io/#/sponsor"
      },
      "peerDependencies": {
        "@babel/runtime": ">=7.19.0"
      }
    },
    "node_modules/@uiw/react-color": {
      "version": "2.3.2",
      "resolved": "https://registry.npmjs.org/@uiw/react-color/-/react-color-2.3.2.tgz",
      "integrity": "sha512-PfyzYFIa16MKVd2FLFmV/+moznibDCDZB6AUwV6lrL7Mz+/jjcW1JDDdCRWMHC8e7uoC3EmnYAmnpj2eF0w2vw==",
      "license": "MIT",
      "dependencies": {
        "@uiw/color-convert": "2.3.2",
        "@uiw/react-color-alpha": "2.3.2",
        "@uiw/react-color-block": "2.3.2",
        "@uiw/react-color-chrome": "2.3.2",
        "@uiw/react-color-circle": "2.3.2",
        "@uiw/react-color-colorful": "2.3.2",
        "@uiw/react-color-compact": "2.3.2",
        "@uiw/react-color-editable-input": "2.3.2",
        "@uiw/react-color-editable-input-hsla": "2.3.2",
        "@uiw/react-color-editable-input-rgba": "2.3.2",
        "@uiw/react-color-github": "2.3.2",
        "@uiw/react-color-hue": "2.3.2",
        "@uiw/react-color-material": "2.3.2",
        "@uiw/react-color-name": "2.3.2",
        "@uiw/react-color-saturation": "2.3.2",
        "@uiw/react-color-shade-slider": "2.3.2",
        "@uiw/react-color-sketch": "2.3.2",
        "@uiw/react-color-slider": "2.3.2",
        "@uiw/react-color-swatch": "2.3.2",
        "@uiw/react-color-wheel": "2.3.2"
      },
      "funding": {
        "url": "https://jaywcjlove.github.io/#/sponsor"
      },
      "peerDependencies": {
        "@babel/runtime": ">=7.19.0",
        "react": ">=16.9.0",
        "react-dom": ">=16.9.0"
      }
    },
    "node_modules/@uiw/react-color-alpha": {
      "version": "2.3.2",
      "resolved": "https://registry.npmjs.org/@uiw/react-color-alpha/-/react-color-alpha-2.3.2.tgz",
      "integrity": "sha512-+yh+KEpNKjxNFFODQrB3Lki2hu6kznoSCngHgptlWBUtAC3e/e7tIiTTedSpCGr7fwIpC0CWrKwxENA3tyY/2Q==",
      "license": "MIT",
      "dependencies": {
        "@uiw/color-convert": "2.3.2",
        "@uiw/react-drag-event-interactive": "2.3.2"
      },
      "funding": {
        "url": "https://jaywcjlove.github.io/#/sponsor"
      },
      "peerDependencies": {
        "@babel/runtime": ">=7.19.0",
        "react": ">=16.9.0",
        "react-dom": ">=16.9.0"
      }
    },
    "node_modules/@uiw/react-color-block": {
      "version": "2.3.2",
      "resolved": "https://registry.npmjs.org/@uiw/react-color-block/-/react-color-block-2.3.2.tgz",
      "integrity": "sha512-eic08WG6IFBEWrsE/U9aMuZxW9gSdX4s5iD5TyZMlHlUiGIneGXEOOSHNqlIfA7Dxbs1STYQbEQU/aSx6APYLw==",
      "license": "MIT",
      "dependencies": {
        "@uiw/color-convert": "2.3.2",
        "@uiw/react-color-editable-input": "2.3.2",
        "@uiw/react-color-swatch": "2.3.2"
      },
      "funding": {
        "url": "https://jaywcjlove.github.io/#/sponsor"
      },
      "peerDependencies": {
        "@babel/runtime": ">=7.19.0",
        "react": ">=16.9.0",
        "react-dom": ">=16.9.0"
      }
    },
    "node_modules/@uiw/react-color-chrome": {
      "version": "2.3.2",
      "resolved": "https://registry.npmjs.org/@uiw/react-color-chrome/-/react-color-chrome-2.3.2.tgz",
      "integrity": "sha512-WvA8dg2y+vgoyy8GFBM3B1+SeJ29ov5OVEei1kACMKxThADPdI4w3RRmhYIMnSeFGVW3bGuBMq6JimjIKZirCQ==",
      "license": "MIT",
      "dependencies": {
        "@uiw/color-convert": "2.3.2",
        "@uiw/react-color-alpha": "2.3.2",
        "@uiw/react-color-editable-input": "2.3.2",
        "@uiw/react-color-editable-input-hsla": "2.3.2",
        "@uiw/react-color-editable-input-rgba": "2.3.2",
        "@uiw/react-color-github": "2.3.2",
        "@uiw/react-color-hue": "2.3.2",
        "@uiw/react-color-saturation": "2.3.2"
      },
      "funding": {
        "url": "https://jaywcjlove.github.io/#/sponsor"
      },
      "peerDependencies": {
        "@babel/runtime": ">=7.19.0",
        "react": ">=16.9.0",
        "react-dom": ">=16.9.0"
      }
    },
    "node_modules/@uiw/react-color-circle": {
      "version": "2.3.2",
      "resolved": "https://registry.npmjs.org/@uiw/react-color-circle/-/react-color-circle-2.3.2.tgz",
      "integrity": "sha512-lndeyFmvKNZ5MBwL9BqkfceuhOnIGQW3gB9wKRPxiKmux9maxllirTwWNvv/6vgGFMnfaR89NO7pjTyf7mNhOA==",
      "license": "MIT",
      "dependencies": {
        "@uiw/color-convert": "2.3.2",
        "@uiw/react-color-swatch": "2.3.2"
      },
      "funding": {
        "url": "https://jaywcjlove.github.io/#/sponsor"
      },
      "peerDependencies": {
        "@babel/runtime": ">=7.19.0",
        "react": ">=16.9.0",
        "react-dom": ">=16.9.0"
      }
    },
    "node_modules/@uiw/react-color-colorful": {
      "version": "2.3.2",
      "resolved": "https://registry.npmjs.org/@uiw/react-color-colorful/-/react-color-colorful-2.3.2.tgz",
      "integrity": "sha512-Rr1qa4Uo588CZjOx6OZIXjo7+CNcnqogU0Nel6L5zzwL+3CNBC3GfS4Or4db/ZxFhN49qt6NqsQa/ykA2/ixpg==",
      "license": "MIT",
      "dependencies": {
        "@uiw/color-convert": "2.3.2",
        "@uiw/react-color-alpha": "2.3.2",
        "@uiw/react-color-hue": "2.3.2",
        "@uiw/react-color-saturation": "2.3.2"
      },
      "funding": {
        "url": "https://jaywcjlove.github.io/#/sponsor"
      },
      "peerDependencies": {
        "@babel/runtime": ">=7.19.0",
        "react": ">=16.9.0",
        "react-dom": ">=16.9.0"
      }
    },
    "node_modules/@uiw/react-color-compact": {
      "version": "2.3.2",
      "resolved": "https://registry.npmjs.org/@uiw/react-color-compact/-/react-color-compact-2.3.2.tgz",
      "integrity": "sha512-3/eQkndGBIBr91mkPoOgS8NwTxpz5wEt5UK6CSvbC+zOQtEzZaWq+XpB7ieoUjla3yiKgdBauu3iYTwo1LOFEw==",
      "license": "MIT",
      "dependencies": {
        "@uiw/color-convert": "2.3.2",
        "@uiw/react-color-editable-input": "2.3.2",
        "@uiw/react-color-editable-input-rgba": "2.3.2",
        "@uiw/react-color-swatch": "2.3.2"
      },
      "funding": {
        "url": "https://jaywcjlove.github.io/#/sponsor"
      },
      "peerDependencies": {
        "@babel/runtime": ">=7.19.0",
        "react": ">=16.9.0",
        "react-dom": ">=16.9.0"
      }
    },
    "node_modules/@uiw/react-color-editable-input": {
      "version": "2.3.2",
      "resolved": "https://registry.npmjs.org/@uiw/react-color-editable-input/-/react-color-editable-input-2.3.2.tgz",
      "integrity": "sha512-DDl9pCN7hH5Q+OB6LiFGFmkqIQw81EDIEvDi6rr6G9U+k+oqZ9JCBKSZ9qNKSa4MqnuISOkFv0vL3Jh8fSyqcg==",
      "license": "MIT",
      "funding": {
        "url": "https://jaywcjlove.github.io/#/sponsor"
      },
      "peerDependencies": {
        "@babel/runtime": ">=7.19.0",
        "react": ">=16.9.0",
        "react-dom": ">=16.9.0"
      }
    },
    "node_modules/@uiw/react-color-editable-input-hsla": {
      "version": "2.3.2",
      "resolved": "https://registry.npmjs.org/@uiw/react-color-editable-input-hsla/-/react-color-editable-input-hsla-2.3.2.tgz",
      "integrity": "sha512-lLO8K+Zv5L9HKBgM3zYSqeLKisBkpXCxlQmF8iCKYcIgeRilM26qqylskA4n6pVixfSooL0hyL/HwfNmbCIrrg==",
      "license": "MIT",
      "dependencies": {
        "@uiw/color-convert": "2.3.2",
        "@uiw/react-color-editable-input-rgba": "2.3.2"
      },
      "funding": {
        "url": "https://jaywcjlove.github.io/#/sponsor"
      },
      "peerDependencies": {
        "@babel/runtime": ">=7.19.0",
        "react": ">=16.9.0",
        "react-dom": ">=16.9.0"
      }
    },
    "node_modules/@uiw/react-color-editable-input-rgba": {
      "version": "2.3.2",
      "resolved": "https://registry.npmjs.org/@uiw/react-color-editable-input-rgba/-/react-color-editable-input-rgba-2.3.2.tgz",
      "integrity": "sha512-HV0+5zzpaNG5v6EyVgmPfInd9UzYknQI7gdsVmmXKzB13L3RFhiv77r6o+q3IZMEnoDZ3U92uX4FeRaM1NrwYw==",
      "license": "MIT",
      "dependencies": {
        "@uiw/color-convert": "2.3.2",
        "@uiw/react-color-editable-input": "2.3.2"
      },
      "funding": {
        "url": "https://jaywcjlove.github.io/#/sponsor"
      },
      "peerDependencies": {
        "@babel/runtime": ">=7.19.0",
        "react": ">=16.9.0",
        "react-dom": ">=16.9.0"
      }
    },
    "node_modules/@uiw/react-color-github": {
      "version": "2.3.2",
      "resolved": "https://registry.npmjs.org/@uiw/react-color-github/-/react-color-github-2.3.2.tgz",
      "integrity": "sha512-3QxpEOKYXbbV/L1cYsf7nhoOnl19/zWTpRRgda8LOe3SuRhFrFM3ZLa+UJUEXgO1cg9h64gxSKINh2st/FawpQ==",
      "license": "MIT",
      "dependencies": {
        "@uiw/color-convert": "2.3.2",
        "@uiw/react-color-swatch": "2.3.2"
      },
      "funding": {
        "url": "https://jaywcjlove.github.io/#/sponsor"
      },
      "peerDependencies": {
        "@babel/runtime": ">=7.19.0",
        "react": ">=16.9.0",
        "react-dom": ">=16.9.0"
      }
    },
    "node_modules/@uiw/react-color-hue": {
      "version": "2.3.2",
      "resolved": "https://registry.npmjs.org/@uiw/react-color-hue/-/react-color-hue-2.3.2.tgz",
      "integrity": "sha512-aAveo++GAghw09Ngc8Zzwxhj9mGaJfw8q40fDGFrVNxdrwrAjySIKHzlOSg5kw6WnEp4tUjhkMXDfCZWUhqmPA==",
      "license": "MIT",
      "dependencies": {
        "@uiw/color-convert": "2.3.2",
        "@uiw/react-color-alpha": "2.3.2"
      },
      "funding": {
        "url": "https://jaywcjlove.github.io/#/sponsor"
      },
      "peerDependencies": {
        "@babel/runtime": ">=7.19.0",
        "react": ">=16.9.0",
        "react-dom": ">=16.9.0"
      }
    },
    "node_modules/@uiw/react-color-material": {
      "version": "2.3.2",
      "resolved": "https://registry.npmjs.org/@uiw/react-color-material/-/react-color-material-2.3.2.tgz",
      "integrity": "sha512-fb+bVCwRoeb4INAFEEYU26GWU7+/695DFz7C/dA2RLUa279NhVtNaOtISULT+u+Aerf2dR6GrjBk5wdgNqRqPg==",
      "license": "MIT",
      "dependencies": {
        "@uiw/color-convert": "2.3.2",
        "@uiw/react-color-editable-input": "2.3.2",
        "@uiw/react-color-editable-input-rgba": "2.3.2"
      },
      "funding": {
        "url": "https://jaywcjlove.github.io/#/sponsor"
      },
      "peerDependencies": {
        "@babel/runtime": ">=7.19.0",
        "react": ">=16.9.0",
        "react-dom": ">=16.9.0"
      }
    },
    "node_modules/@uiw/react-color-name": {
      "version": "2.3.2",
      "resolved": "https://registry.npmjs.org/@uiw/react-color-name/-/react-color-name-2.3.2.tgz",
      "integrity": "sha512-ZLt6ypbsGbo48wSgtFa5t+egZ57VmWIriyW/6rMNK5nMB8Y9Da7tqT2dL4WfwPzrG7I/97qafinfnGzPAuHdsw==",
      "license": "MIT",
      "dependencies": {
        "colors-named": "^1.0.1",
        "colors-named-hex": "^1.0.1"
      },
      "funding": {
        "url": "https://jaywcjlove.github.io/#/sponsor"
      },
      "peerDependencies": {
        "@babel/runtime": ">=7.19.0"
      }
    },
    "node_modules/@uiw/react-color-saturation": {
      "version": "2.3.2",
      "resolved": "https://registry.npmjs.org/@uiw/react-color-saturation/-/react-color-saturation-2.3.2.tgz",
      "integrity": "sha512-aDKMhjylBUb4dH4oTQYz+U4mhpOebbQ2J0Y8y5aX1tfZ3fZuBqnXtWzu7Ffj3ksdKwkQHPddxT5IDTbAChF/og==",
      "license": "MIT",
      "dependencies": {
        "@uiw/color-convert": "2.3.2",
        "@uiw/react-drag-event-interactive": "2.3.2"
      },
      "funding": {
        "url": "https://jaywcjlove.github.io/#/sponsor"
      },
      "peerDependencies": {
        "@babel/runtime": ">=7.19.0",
        "react": ">=16.9.0",
        "react-dom": ">=16.9.0"
      }
    },
    "node_modules/@uiw/react-color-shade-slider": {
      "version": "2.3.2",
      "resolved": "https://registry.npmjs.org/@uiw/react-color-shade-slider/-/react-color-shade-slider-2.3.2.tgz",
      "integrity": "sha512-nM8AJPpq9UnC7LWjQEZ28bIm8gMRqRzk3dXfGQ4X3t3040d11o4sbl23pTmWTjn6P+3+MP/L2FhmvLSTUkMp/g==",
      "license": "MIT",
      "dependencies": {
        "@uiw/color-convert": "2.3.2",
        "@uiw/react-color-alpha": "2.3.2"
      },
      "funding": {
        "url": "https://jaywcjlove.github.io/#/sponsor"
      },
      "peerDependencies": {
        "@babel/runtime": ">=7.19.0",
        "react": ">=16.9.0",
        "react-dom": ">=16.9.0"
      }
    },
    "node_modules/@uiw/react-color-sketch": {
      "version": "2.3.2",
      "resolved": "https://registry.npmjs.org/@uiw/react-color-sketch/-/react-color-sketch-2.3.2.tgz",
      "integrity": "sha512-CMCbzarRVEqZLCi84AE4RQrHapvZQTXFylm7A7mfA28qInFFyF3jZsqRu6Y5sc33rPmL4AeSURbgPljmolxQ1g==",
      "license": "MIT",
      "dependencies": {
        "@uiw/color-convert": "2.3.2",
        "@uiw/react-color-alpha": "2.3.2",
        "@uiw/react-color-editable-input": "2.3.2",
        "@uiw/react-color-editable-input-rgba": "2.3.2",
        "@uiw/react-color-hue": "2.3.2",
        "@uiw/react-color-saturation": "2.3.2",
        "@uiw/react-color-swatch": "2.3.2"
      },
      "funding": {
        "url": "https://jaywcjlove.github.io/#/sponsor"
      },
      "peerDependencies": {
        "@babel/runtime": ">=7.19.0",
        "react": ">=16.9.0",
        "react-dom": ">=16.9.0"
      }
    },
    "node_modules/@uiw/react-color-slider": {
      "version": "2.3.2",
      "resolved": "https://registry.npmjs.org/@uiw/react-color-slider/-/react-color-slider-2.3.2.tgz",
      "integrity": "sha512-Mf9w9YwI+nYxagoTPsxzEHX+/EkVTH0Ak84V6CgcmHVxM3zGESdpalZ+9B6NFWjy9nP7Oa2lK1i4cyZr8D7v2g==",
      "license": "MIT",
      "dependencies": {
        "@uiw/color-convert": "2.3.2",
        "@uiw/react-color-alpha": "2.3.2"
      },
      "funding": {
        "url": "https://jaywcjlove.github.io/#/sponsor"
      },
      "peerDependencies": {
        "@babel/runtime": ">=7.19.0",
        "react": ">=16.9.0",
        "react-dom": ">=16.9.0"
      }
    },
    "node_modules/@uiw/react-color-swatch": {
      "version": "2.3.2",
      "resolved": "https://registry.npmjs.org/@uiw/react-color-swatch/-/react-color-swatch-2.3.2.tgz",
      "integrity": "sha512-AjkEcSdlpxiFm9yull4WDujuHr0tD9/+XkLtcus/MH768zSQbb+rj6cY1nZ8L8FI6LRDGRaVJqFaXm4ZOAaIZw==",
      "license": "MIT",
      "dependencies": {
        "@uiw/color-convert": "2.3.2"
      },
      "funding": {
        "url": "https://jaywcjlove.github.io/#/sponsor"
      },
      "peerDependencies": {
        "@babel/runtime": ">=7.19.0",
        "react": ">=16.9.0",
        "react-dom": ">=16.9.0"
      }
    },
    "node_modules/@uiw/react-color-wheel": {
      "version": "2.3.2",
      "resolved": "https://registry.npmjs.org/@uiw/react-color-wheel/-/react-color-wheel-2.3.2.tgz",
      "integrity": "sha512-AwZZusWq+nlNNEjif6ruryrgc/cVuQ0x6XbdIVUbiQekfHFv+LunHnMS4EtmX+yPiOVihTvBp8NpfrdN2jJ8hw==",
      "license": "MIT",
      "dependencies": {
        "@uiw/color-convert": "2.3.2",
        "@uiw/react-drag-event-interactive": "2.3.2"
      },
      "funding": {
        "url": "https://jaywcjlove.github.io/#/sponsor"
      },
      "peerDependencies": {
        "@babel/runtime": ">=7.19.0",
        "react": ">=16.9.0",
        "react-dom": ">=16.9.0"
      }
    },
    "node_modules/@uiw/react-drag-event-interactive": {
      "version": "2.3.2",
      "resolved": "https://registry.npmjs.org/@uiw/react-drag-event-interactive/-/react-drag-event-interactive-2.3.2.tgz",
      "integrity": "sha512-lG5pJCtqbYBv7Dj0r12PE9q9yg7P2CzlQodw5ZHPY9GCSZVXHJc0g4lGvCbe/4Y8HYqM8aU4CYS8LplpX+mIQw==",
      "license": "MIT",
      "funding": {
        "url": "https://jaywcjlove.github.io/#/sponsor"
      },
      "peerDependencies": {
        "@babel/runtime": ">=7.19.0",
        "react": ">=16.9.0",
        "react-dom": ">=16.9.0"
      }
    },
    "node_modules/colors-named": {
      "version": "1.0.2",
      "resolved": "https://registry.npmjs.org/colors-named/-/colors-named-1.0.2.tgz",
      "integrity": "sha512-2ANq2r393PV9njYUD66UdfBcxR1slMqRA3QRTWgCx49JoCJ+kOhyfbQYxKJbPZQIhZUcNjVOs5AlyY1WwXec3w==",
      "license": "MIT",
      "engines": {
        "node": ">=14.16"
      },
      "funding": {
        "url": "https://jaywcjlove.github.io/#/sponsor"
      }
    },
    "node_modules/colors-named-hex": {
      "version": "1.0.2",
      "resolved": "https://registry.npmjs.org/colors-named-hex/-/colors-named-hex-1.0.2.tgz",
      "integrity": "sha512-k6kq1e1pUCQvSVwIaGFq2l0LrkAPQZWyeuZn1Z8nOiYSEZiKoFj4qx690h2Kd34DFl9Me0gKS6MUwAMBJj8nuA==",
      "license": "MIT",
      "engines": {
        "node": ">=14.16"
      },
      "funding": {
        "url": "https://jaywcjlove.github.io/#/sponsor"
      }
    },
    "node_modules/js-tokens": {
      "version": "4.0.0",
      "resolved": "https://registry.npmjs.org/js-tokens/-/js-tokens-4.0.0.tgz",
      "integrity": "sha512-RdJUflcE3cUzKiMqQgsCu06FPu9UdIJO0beYbPhHN4k6apgJtifcoCtT9bcxOpYBtpD2kCM6Sbzg4CausW/PKQ==",
      "license": "MIT",
      "peer": true
    },
    "node_modules/loose-envify": {
      "version": "1.4.0",
      "resolved": "https://registry.npmjs.org/loose-envify/-/loose-envify-1.4.0.tgz",
      "integrity": "sha512-lyuxPGr/Wfhrlem2CL/UcnUc1zcqKAImBDzukY7Y5F/yQiNdko6+fRLevlw1HgMySw7f611UIY408EtxRSoK3Q==",
      "license": "MIT",
      "peer": true,
      "dependencies": {
        "js-tokens": "^3.0.0 || ^4.0.0"
      },
      "bin": {
        "loose-envify": "cli.js"
      }
    },
    "node_modules/react": {
      "version": "18.3.1",
      "resolved": "https://registry.npmjs.org/react/-/react-18.3.1.tgz",
      "integrity": "sha512-wS+hAgJShR0KhEvPJArfuPVN1+Hz1t0Y6n5jLrGQbkb4urgPE/0Rve+1kMB1v/oWgHgm4WIcV+i7F2pTVj+2iQ==",
      "license": "MIT",
      "peer": true,
      "dependencies": {
        "loose-envify": "^1.1.0"
      },
      "engines": {
        "node": ">=0.10.0"
      }
    },
    "node_modules/react-dom": {
      "version": "18.3.1",
      "resolved": "https://registry.npmjs.org/react-dom/-/react-dom-18.3.1.tgz",
      "integrity": "sha512-5m4nQKp+rZRb09LNH59GM4BxTh9251/ylbKIbpe7TpGxfJ+9kv6BLkLBXIjjspbgbnIBNqlI23tRnTWT0snUIw==",
      "license": "MIT",
      "peer": true,
      "dependencies": {
        "loose-envify": "^1.1.0",
        "scheduler": "^0.23.2"
      },
      "peerDependencies": {
        "react": "^18.3.1"
      }
    },
    "node_modules/regenerator-runtime": {
      "version": "0.14.1",
      "resolved": "https://registry.npmjs.org/regenerator-runtime/-/regenerator-runtime-0.14.1.tgz",
      "integrity": "sha512-dYnhHh0nJoMfnkZs6GmmhFknAGRrLznOu5nc9ML+EJxGvrx6H7teuevqVqCuPcPK//3eDrrjQhehXVx9cnkGdw==",
      "license": "MIT",
      "peer": true
    },
    "node_modules/scheduler": {
      "version": "0.23.2",
      "resolved": "https://registry.npmjs.org/scheduler/-/scheduler-0.23.2.tgz",
      "integrity": "sha512-UOShsPwz7NrMUqhR6t0hWjFduvOzbtv7toDH1/hIrfRNIDBnnBWd0CwJTGvTpngVlmwGCdP9/Zl/tVrDqcuYzQ==",
      "license": "MIT",
      "peer": true,
      "dependencies": {
        "loose-envify": "^1.1.0"
      }
    }
  }
}
